// !$*UTF8*$!
{
	archiveVersion = 1;
	classes = {
	};
	objectVersion = 51;
	objects = {

/* Begin PBXBuildFile section */
		49822CEBA479C7A61E8ADD2E /* Pods_WhetherGift.framework in Frameworks */ = {isa = PBXBuildFile; fileRef = 61C214680F3C245E22D3A3EA /* Pods_WhetherGift.framework */; };
		F21E61D3238506E300D5FF20 /* WhetherLocation.swift in Sources */ = {isa = PBXBuildFile; fileRef = F21E61D2238506E300D5FF20 /* WhetherLocation.swift */; };
		F21E61D523851BA200D5FF20 /* Constants.swift in Sources */ = {isa = PBXBuildFile; fileRef = F21E61D423851BA200D5FF20 /* Constants.swift */; };
		F22C57F62384C13E002F8F75 /* Main.storyboard in Resources */ = {isa = PBXBuildFile; fileRef = F22C57F42384C13E002F8F75 /* Main.storyboard */; };
		F2ECD0EC2373743A00A1AC6E /* AppDelegate.swift in Sources */ = {isa = PBXBuildFile; fileRef = F2ECD0EB2373743A00A1AC6E /* AppDelegate.swift */; };
		F2ECD0F32373744200A1AC6E /* Assets.xcassets in Resources */ = {isa = PBXBuildFile; fileRef = F2ECD0F22373744200A1AC6E /* Assets.xcassets */; };
		F2ECD0F62373744200A1AC6E /* LaunchScreen.storyboard in Resources */ = {isa = PBXBuildFile; fileRef = F2ECD0F42373744200A1AC6E /* LaunchScreen.storyboard */; };
		F2ECD0FE2373754400A1AC6E /* DetailVC.swift in Sources */ = {isa = PBXBuildFile; fileRef = F2ECD0FD2373754400A1AC6E /* DetailVC.swift */; };
		F2ECD100237378E000A1AC6E /* ListVC.swift in Sources */ = {isa = PBXBuildFile; fileRef = F2ECD0FF237378E000A1AC6E /* ListVC.swift */; };
		F2ECD10223737B8300A1AC6E /* PageVC.swift in Sources */ = {isa = PBXBuildFile; fileRef = F2ECD10123737B8300A1AC6E /* PageVC.swift */; };
/* End PBXBuildFile section */

/* Begin PBXFileReference section */
		61C214680F3C245E22D3A3EA /* Pods_WhetherGift.framework */ = {isa = PBXFileReference; explicitFileType = wrapper.framework; includeInIndex = 0; path = Pods_WhetherGift.framework; sourceTree = BUILT_PRODUCTS_DIR; };
		8D3EFC163EE4AC616DB0FC17 /* Pods-WhetherGift.release.xcconfig */ = {isa = PBXFileReference; includeInIndex = 1; lastKnownFileType = text.xcconfig; name = "Pods-WhetherGift.release.xcconfig"; path = "Target Support Files/Pods-WhetherGift/Pods-WhetherGift.release.xcconfig"; sourceTree = "<group>"; };
		E74F2C837FC8D05FEA41693F /* Pods-WhetherGift.debug.xcconfig */ = {isa = PBXFileReference; includeInIndex = 1; lastKnownFileType = text.xcconfig; name = "Pods-WhetherGift.debug.xcconfig"; path = "Target Support Files/Pods-WhetherGift/Pods-WhetherGift.debug.xcconfig"; sourceTree = "<group>"; };
		F21E61D2238506E300D5FF20 /* WhetherLocation.swift */ = {isa = PBXFileReference; lastKnownFileType = sourcecode.swift; path = WhetherLocation.swift; sourceTree = "<group>"; };
		F21E61D423851BA200D5FF20 /* Constants.swift */ = {isa = PBXFileReference; lastKnownFileType = sourcecode.swift; path = Constants.swift; sourceTree = "<group>"; };
		F22C57F52384C13E002F8F75 /* Base */ = {isa = PBXFileReference; lastKnownFileType = file.storyboard; name = Base; path = WhetherGift/Base.lproj/Main.storyboard; sourceTree = "<group>"; };
		F2ECD0E82373743A00A1AC6E /* WhetherGift.app */ = {isa = PBXFileReference; explicitFileType = wrapper.application; includeInIndex = 0; path = WhetherGift.app; sourceTree = BUILT_PRODUCTS_DIR; };
		F2ECD0EB2373743A00A1AC6E /* AppDelegate.swift */ = {isa = PBXFileReference; lastKnownFileType = sourcecode.swift; path = AppDelegate.swift; sourceTree = "<group>"; };
		F2ECD0F22373744200A1AC6E /* Assets.xcassets */ = {isa = PBXFileReference; lastKnownFileType = folder.assetcatalog; path = Assets.xcassets; sourceTree = "<group>"; };
		F2ECD0F52373744200A1AC6E /* Base */ = {isa = PBXFileReference; lastKnownFileType = file.storyboard; name = Base; path = Base.lproj/LaunchScreen.storyboard; sourceTree = "<group>"; };
		F2ECD0F72373744200A1AC6E /* Info.plist */ = {isa = PBXFileReference; lastKnownFileType = text.plist.xml; path = Info.plist; sourceTree = "<group>"; };
		F2ECD0FD2373754400A1AC6E /* DetailVC.swift */ = {isa = PBXFileReference; lastKnownFileType = sourcecode.swift; path = DetailVC.swift; sourceTree = "<group>"; };
		F2ECD0FF237378E000A1AC6E /* ListVC.swift */ = {isa = PBXFileReference; lastKnownFileType = sourcecode.swift; path = ListVC.swift; sourceTree = "<group>"; };
		F2ECD10123737B8300A1AC6E /* PageVC.swift */ = {isa = PBXFileReference; lastKnownFileType = sourcecode.swift; path = PageVC.swift; sourceTree = "<group>"; };
/* End PBXFileReference section */

/* Begin PBXFrameworksBuildPhase section */
		F2ECD0E52373743A00A1AC6E /* Frameworks */ = {
			isa = PBXFrameworksBuildPhase;
			buildActionMask = 2147483647;
			files = (
				49822CEBA479C7A61E8ADD2E /* Pods_WhetherGift.framework in Frameworks */,
			);
			runOnlyForDeploymentPostprocessing = 0;
		};
/* End PBXFrameworksBuildPhase section */

/* Begin PBXGroup section */
		073D8D8CD1D52FBC63BB45F3 /* Frameworks */ = {
			isa = PBXGroup;
			children = (
				61C214680F3C245E22D3A3EA /* Pods_WhetherGift.framework */,
			);
			name = Frameworks;
			sourceTree = "<group>";
		};
		A0259A0A582FA197C5D762F5 /* Pods */ = {
			isa = PBXGroup;
			children = (
				E74F2C837FC8D05FEA41693F /* Pods-WhetherGift.debug.xcconfig */,
				8D3EFC163EE4AC616DB0FC17 /* Pods-WhetherGift.release.xcconfig */,
			);
			path = Pods;
			sourceTree = "<group>";
		};
		F2ECD0DF2373743A00A1AC6E = {
			isa = PBXGroup;
			children = (
				F2ECD0EA2373743A00A1AC6E /* WhetherGift */,
				F2ECD0E92373743A00A1AC6E /* Products */,
				A0259A0A582FA197C5D762F5 /* Pods */,
				073D8D8CD1D52FBC63BB45F3 /* Frameworks */,
			);
			sourceTree = "<group>";
		};
		F2ECD0E92373743A00A1AC6E /* Products */ = {
			isa = PBXGroup;
			children = (
				F2ECD0E82373743A00A1AC6E /* WhetherGift.app */,
			);
			name = Products;
			sourceTree = "<group>";
		};
		F2ECD0EA2373743A00A1AC6E /* WhetherGift */ = {
			isa = PBXGroup;
			children = (
				F2ECD0EB2373743A00A1AC6E /* AppDelegate.swift */,
				F21E61D2238506E300D5FF20 /* WhetherLocation.swift */,
				F21E61D423851BA200D5FF20 /* Constants.swift */,
				F2ECD10123737B8300A1AC6E /* PageVC.swift */,
				F2ECD0FD2373754400A1AC6E /* DetailVC.swift */,
				F2ECD0FF237378E000A1AC6E /* ListVC.swift */,
				F22C57F42384C13E002F8F75 /* Main.storyboard */,
				F2ECD0F22373744200A1AC6E /* Assets.xcassets */,
				F2ECD0F42373744200A1AC6E /* LaunchScreen.storyboard */,
				F2ECD0F72373744200A1AC6E /* Info.plist */,
			);
			path = WhetherGift;
			sourceTree = "<group>";
		};
/* End PBXGroup section */

/* Begin PBXNativeTarget section */
		F2ECD0E72373743A00A1AC6E /* WhetherGift */ = {
			isa = PBXNativeTarget;
			buildConfigurationList = F2ECD0FA2373744200A1AC6E /* Build configuration list for PBXNativeTarget "WhetherGift" */;
			buildPhases = (
				8498D6076461BBA3438FBB2D /* [CP] Check Pods Manifest.lock */,
				F2ECD0E42373743A00A1AC6E /* Sources */,
				F2ECD0E52373743A00A1AC6E /* Frameworks */,
				F2ECD0E62373743A00A1AC6E /* Resources */,
				F1098264841C53EACDDEBA92 /* [CP] Embed Pods Frameworks */,
				8481C309FA546D5983D4E12E /* [CP] Copy Pods Resources */,
			);
			buildRules = (
			);
			dependencies = (
			);
			name = WhetherGift;
			productName = WhetherGift;
			productReference = F2ECD0E82373743A00A1AC6E /* WhetherGift.app */;
			productType = "com.apple.product-type.application";
		};
/* End PBXNativeTarget section */

/* Begin PBXProject section */
		F2ECD0E02373743A00A1AC6E /* Project object */ = {
			isa = PBXProject;
			attributes = {
				LastSwiftUpdateCheck = 1010;
				LastUpgradeCheck = 1010;
				ORGANIZATIONNAME = "Braden Hamlin";
				TargetAttributes = {
					F2ECD0E72373743A00A1AC6E = {
						CreatedOnToolsVersion = 10.1;
					};
				};
			};
			buildConfigurationList = F2ECD0E32373743A00A1AC6E /* Build configuration list for PBXProject "WhetherGift" */;
			compatibilityVersion = "Xcode 9.3";
			developmentRegion = en;
			hasScannedForEncodings = 0;
			knownRegions = (
				en,
				Base,
			);
			mainGroup = F2ECD0DF2373743A00A1AC6E;
			productRefGroup = F2ECD0E92373743A00A1AC6E /* Products */;
			projectDirPath = "";
			projectRoot = "";
			targets = (
				F2ECD0E72373743A00A1AC6E /* WhetherGift */,
			);
		};
/* End PBXProject section */

/* Begin PBXResourcesBuildPhase section */
		F2ECD0E62373743A00A1AC6E /* Resources */ = {
			isa = PBXResourcesBuildPhase;
			buildActionMask = 2147483647;
			files = (
				F22C57F62384C13E002F8F75 /* Main.storyboard in Resources */,
				F2ECD0F62373744200A1AC6E /* LaunchScreen.storyboard in Resources */,
				F2ECD0F32373744200A1AC6E /* Assets.xcassets in Resources */,
			);
			runOnlyForDeploymentPostprocessing = 0;
		};
/* End PBXResourcesBuildPhase section */

/* Begin PBXShellScriptBuildPhase section */
		8481C309FA546D5983D4E12E /* [CP] Copy Pods Resources */ = {
			isa = PBXShellScriptBuildPhase;
			buildActionMask = 2147483647;
			files = (
			);
			inputFileListPaths = (
				"${PODS_ROOT}/Target Support Files/Pods-WhetherGift/Pods-WhetherGift-resources-${CONFIGURATION}-input-files.xcfilelist",
			);
			name = "[CP] Copy Pods Resources";
			outputFileListPaths = (
				"${PODS_ROOT}/Target Support Files/Pods-WhetherGift/Pods-WhetherGift-resources-${CONFIGURATION}-output-files.xcfilelist",
			);
			runOnlyForDeploymentPostprocessing = 0;
			shellPath = /bin/sh;
			shellScript = "\"${PODS_ROOT}/Target Support Files/Pods-WhetherGift/Pods-WhetherGift-resources.sh\"\n";
			showEnvVarsInLog = 0;
		};
		8498D6076461BBA3438FBB2D /* [CP] Check Pods Manifest.lock */ = {
			isa = PBXShellScriptBuildPhase;
			buildActionMask = 2147483647;
			files = (
			);
			inputFileListPaths = (
			);
			inputPaths = (
				"${PODS_PODFILE_DIR_PATH}/Podfile.lock",
				"${PODS_ROOT}/Manifest.lock",
			);
			name = "[CP] Check Pods Manifest.lock";
			outputFileListPaths = (
			);
			outputPaths = (
				"$(DERIVED_FILE_DIR)/Pods-WhetherGift-checkManifestLockResult.txt",
			);
			runOnlyForDeploymentPostprocessing = 0;
			shellPath = /bin/sh;
			shellScript = "diff \"${PODS_PODFILE_DIR_PATH}/Podfile.lock\" \"${PODS_ROOT}/Manifest.lock\" > /dev/null\nif [ $? != 0 ] ; then\n    # print error to STDERR\n    echo \"error: The sandbox is not in sync with the Podfile.lock. Run 'pod install' or update your CocoaPods installation.\" >&2\n    exit 1\nfi\n# This output is used by Xcode 'outputs' to avoid re-running this script phase.\necho \"SUCCESS\" > \"${SCRIPT_OUTPUT_FILE_0}\"\n";
			showEnvVarsInLog = 0;
		};
		F1098264841C53EACDDEBA92 /* [CP] Embed Pods Frameworks */ = {
			isa = PBXShellScriptBuildPhase;
			buildActionMask = 2147483647;
			files = (
			);
			inputFileListPaths = (
				"${PODS_ROOT}/Target Support Files/Pods-WhetherGift/Pods-WhetherGift-frameworks-${CONFIGURATION}-input-files.xcfilelist",
			);
			name = "[CP] Embed Pods Frameworks";
			outputFileListPaths = (
				"${PODS_ROOT}/Target Support Files/Pods-WhetherGift/Pods-WhetherGift-frameworks-${CONFIGURATION}-output-files.xcfilelist",
			);
			runOnlyForDeploymentPostprocessing = 0;
			shellPath = /bin/sh;
			shellScript = "\"${PODS_ROOT}/Target Support Files/Pods-WhetherGift/Pods-WhetherGift-frameworks.sh\"\n";
			showEnvVarsInLog = 0;
		};
/* End PBXShellScriptBuildPhase section */

/* Begin PBXSourcesBuildPhase section */
		F2ECD0E42373743A00A1AC6E /* Sources */ = {
			isa = PBXSourcesBuildPhase;
			buildActionMask = 2147483647;
			files = (
				F2ECD100237378E000A1AC6E /* ListVC.swift in Sources */,
				F2ECD10223737B8300A1AC6E /* PageVC.swift in Sources */,
				F21E61D3238506E300D5FF20 /* WhetherLocation.swift in Sources */,
				F2ECD0EC2373743A00A1AC6E /* AppDelegate.swift in Sources */,
				F2ECD0FE2373754400A1AC6E /* DetailVC.swift in Sources */,
				F21E61D523851BA200D5FF20 /* Constants.swift in Sources */,
			);
			runOnlyForDeploymentPostprocessing = 0;
		};
/* End PBXSourcesBuildPhase section */

/* Begin PBXVariantGroup section */
		F22C57F42384C13E002F8F75 /* Main.storyboard */ = {
			isa = PBXVariantGroup;
			children = (
				F22C57F52384C13E002F8F75 /* Base */,
			);
			name = Main.storyboard;
			sourceTree = "<group>";
		};
		F2ECD0F42373744200A1AC6E /* LaunchScreen.storyboard */ = {
			isa = PBXVariantGroup;
			children = (
				F2ECD0F52373744200A1AC6E /* Base */,
			);
			name = LaunchScreen.storyboard;
			sourceTree = "<group>";
		};
/* End PBXVariantGroup section */

/* Begin XCBuildConfiguration section */
		F2ECD0F82373744200A1AC6E /* Debug */ = {
			isa = XCBuildConfiguration;
			buildSettings = {
				ALWAYS_SEARCH_USER_PATHS = NO;
				CLANG_ANALYZER_NONNULL = YES;
				CLANG_ANALYZER_NUMBER_OBJECT_CONVERSION = YES_AGGRESSIVE;
				CLANG_CXX_LANGUAGE_STANDARD = "gnu++14";
				CLANG_CXX_LIBRARY = "libc++";
				CLANG_ENABLE_MODULES = YES;
				CLANG_ENABLE_OBJC_ARC = YES;
				CLANG_ENABLE_OBJC_WEAK = YES;
				CLANG_WARN_BLOCK_CAPTURE_AUTORELEASING = YES;
				CLANG_WARN_BOOL_CONVERSION = YES;
				CLANG_WARN_COMMA = YES;
				CLANG_WARN_CONSTANT_CONVERSION = YES;
				CLANG_WARN_DEPRECATED_OBJC_IMPLEMENTATIONS = YES;
				CLANG_WARN_DIRECT_OBJC_ISA_USAGE = YES_ERROR;
				CLANG_WARN_DOCUMENTATION_COMMENTS = YES;
				CLANG_WARN_EMPTY_BODY = YES;
				CLANG_WARN_ENUM_CONVERSION = YES;
				CLANG_WARN_INFINITE_RECURSION = YES;
				CLANG_WARN_INT_CONVERSION = YES;
				CLANG_WARN_NON_LITERAL_NULL_CONVERSION = YES;
				CLANG_WARN_OBJC_IMPLICIT_RETAIN_SELF = YES;
				CLANG_WARN_OBJC_LITERAL_CONVERSION = YES;
				CLANG_WARN_OBJC_ROOT_CLASS = YES_ERROR;
				CLANG_WARN_RANGE_LOOP_ANALYSIS = YES;
				CLANG_WARN_STRICT_PROTOTYPES = YES;
				CLANG_WARN_SUSPICIOUS_MOVE = YES;
				CLANG_WARN_UNGUARDED_AVAILABILITY = YES_AGGRESSIVE;
				CLANG_WARN_UNREACHABLE_CODE = YES;
				CLANG_WARN__DUPLICATE_METHOD_MATCH = YES;
				CODE_SIGN_IDENTITY = "iPhone Developer";
				COPY_PHASE_STRIP = NO;
				DEBUG_INFORMATION_FORMAT = dwarf;
				ENABLE_STRICT_OBJC_MSGSEND = YES;
				ENABLE_TESTABILITY = YES;
				GCC_C_LANGUAGE_STANDARD = gnu11;
				GCC_DYNAMIC_NO_PIC = NO;
				GCC_NO_COMMON_BLOCKS = YES;
				GCC_OPTIMIZATION_LEVEL = 0;
				GCC_PREPROCESSOR_DEFINITIONS = (
					"DEBUG=1",
					"$(inherited)",
				);
				GCC_WARN_64_TO_32_BIT_CONVERSION = YES;
				GCC_WARN_ABOUT_RETURN_TYPE = YES_ERROR;
				GCC_WARN_UNDECLARED_SELECTOR = YES;
				GCC_WARN_UNINITIALIZED_AUTOS = YES_AGGRESSIVE;
				GCC_WARN_UNUSED_FUNCTION = YES;
				GCC_WARN_UNUSED_VARIABLE = YES;
				IPHONEOS_DEPLOYMENT_TARGET = 12.1;
				MTL_ENABLE_DEBUG_INFO = INCLUDE_SOURCE;
				MTL_FAST_MATH = YES;
				ONLY_ACTIVE_ARCH = YES;
				SDKROOT = iphoneos;
				SWIFT_ACTIVE_COMPILATION_CONDITIONS = DEBUG;
				SWIFT_OPTIMIZATION_LEVEL = "-Onone";
			};
			name = Debug;
		};
		F2ECD0F92373744200A1AC6E /* Release */ = {
			isa = XCBuildConfiguration;
			buildSettings = {
				ALWAYS_SEARCH_USER_PATHS = NO;
				CLANG_ANALYZER_NONNULL = YES;
				CLANG_ANALYZER_NUMBER_OBJECT_CONVERSION = YES_AGGRESSIVE;
				CLANG_CXX_LANGUAGE_STANDARD = "gnu++14";
				CLANG_CXX_LIBRARY = "libc++";
				CLANG_ENABLE_MODULES = YES;
				CLANG_ENABLE_OBJC_ARC = YES;
				CLANG_ENABLE_OBJC_WEAK = YES;
				CLANG_WARN_BLOCK_CAPTURE_AUTORELEASING = YES;
				CLANG_WARN_BOOL_CONVERSION = YES;
				CLANG_WARN_COMMA = YES;
				CLANG_WARN_CONSTANT_CONVERSION = YES;
				CLANG_WARN_DEPRECATED_OBJC_IMPLEMENTATIONS = YES;
				CLANG_WARN_DIRECT_OBJC_ISA_USAGE = YES_ERROR;
				CLANG_WARN_DOCUMENTATION_COMMENTS = YES;
				CLANG_WARN_EMPTY_BODY = YES;
				CLANG_WARN_ENUM_CONVERSION = YES;
				CLANG_WARN_INFINITE_RECURSION = YES;
				CLANG_WARN_INT_CONVERSION = YES;
				CLANG_WARN_NON_LITERAL_NULL_CONVERSION = YES;
				CLANG_WARN_OBJC_IMPLICIT_RETAIN_SELF = YES;
				CLANG_WARN_OBJC_LITERAL_CONVERSION = YES;
				CLANG_WARN_OBJC_ROOT_CLASS = YES_ERROR;
				CLANG_WARN_RANGE_LOOP_ANALYSIS = YES;
				CLANG_WARN_STRICT_PROTOTYPES = YES;
				CLANG_WARN_SUSPICIOUS_MOVE = YES;
				CLANG_WARN_UNGUARDED_AVAILABILITY = YES_AGGRESSIVE;
				CLANG_WARN_UNREACHABLE_CODE = YES;
				CLANG_WARN__DUPLICATE_METHOD_MATCH = YES;
				CODE_SIGN_IDENTITY = "iPhone Developer";
				COPY_PHASE_STRIP = NO;
				DEBUG_INFORMATION_FORMAT = "dwarf-with-dsym";
				ENABLE_NS_ASSERTIONS = NO;
				ENABLE_STRICT_OBJC_MSGSEND = YES;
				GCC_C_LANGUAGE_STANDARD = gnu11;
				GCC_NO_COMMON_BLOCKS = YES;
				GCC_WARN_64_TO_32_BIT_CONVERSION = YES;
				GCC_WARN_ABOUT_RETURN_TYPE = YES_ERROR;
				GCC_WARN_UNDECLARED_SELECTOR = YES;
				GCC_WARN_UNINITIALIZED_AUTOS = YES_AGGRESSIVE;
				GCC_WARN_UNUSED_FUNCTION = YES;
				GCC_WARN_UNUSED_VARIABLE = YES;
				IPHONEOS_DEPLOYMENT_TARGET = 12.1;
				MTL_ENABLE_DEBUG_INFO = NO;
				MTL_FAST_MATH = YES;
				SDKROOT = iphoneos;
				SWIFT_COMPILATION_MODE = wholemodule;
				SWIFT_OPTIMIZATION_LEVEL = "-O";
				VALIDATE_PRODUCT = YES;
			};
			name = Release;
		};
		F2ECD0FB2373744200A1AC6E /* Debug */ = {
			isa = XCBuildConfiguration;
			baseConfigurationReference = E74F2C837FC8D05FEA41693F /* Pods-WhetherGift.debug.xcconfig */;
			buildSettings = {
				ASSETCATALOG_COMPILER_APPICON_NAME = AppIcon;
				CODE_SIGN_STYLE = Automatic;
				DEVELOPMENT_TEAM = Y3GV4R39AE;
				INFOPLIST_FILE = WhetherGift/Info.plist;
				LD_RUNPATH_SEARCH_PATHS = (
					"$(inherited)",
					"@executable_path/Frameworks",
				);
				PRODUCT_BUNDLE_IDENTIFIER = com.braden.WhetherGift;
				PRODUCT_NAME = "$(TARGET_NAME)";
				SWIFT_VERSION = 4.2;
				TARGETED_DEVICE_FAMILY = "1,2";
			};
			name = Debug;
		};
		F2ECD0FC2373744200A1AC6E /* Release */ = {
			isa = XCBuildConfiguration;
			baseConfigurationReference = 8D3EFC163EE4AC616DB0FC17 /* Pods-WhetherGift.release.xcconfig */;
			buildSettings = {
				ASSETCATALOG_COMPILER_APPICON_NAME = AppIcon;
				CODE_SIGN_STYLE = Automatic;
				DEVELOPMENT_TEAM = Y3GV4R39AE;
				INFOPLIST_FILE = WhetherGift/Info.plist;
				LD_RUNPATH_SEARCH_PATHS = (
					"$(inherited)",
					"@executable_path/Frameworks",
				);
				PRODUCT_BUNDLE_IDENTIFIER = com.braden.WhetherGift;
				PRODUCT_NAME = "$(TARGET_NAME)";
				SWIFT_VERSION = 4.2;
				TARGETED_DEVICE_FAMILY = "1,2";
			};
			name = Release;
		};
/* End XCBuildConfiguration section */

/* Begin XCConfigurationList section */
		F2ECD0E32373743A00A1AC6E /* Build configuration list for PBXProject "WhetherGift" */ = {
			isa = XCConfigurationList;
			buildConfigurations = (
				F2ECD0F82373744200A1AC6E /* Debug */,
				F2ECD0F92373744200A1AC6E /* Release */,
			);
			defaultConfigurationIsVisible = 0;
			defaultConfigurationName = Release;
		};
		F2ECD0FA2373744200A1AC6E /* Build configuration list for PBXNativeTarget "WhetherGift" */ = {
			isa = XCConfigurationList;
			buildConfigurations = (
				F2ECD0FB2373744200A1AC6E /* Debug */,
				F2ECD0FC2373744200A1AC6E /* Release */,
			);
			defaultConfigurationIsVisible = 0;
			defaultConfigurationName = Release;
		};
/* End XCConfigurationList section */
	};
	rootObject = F2ECD0E02373743A00A1AC6E /* Project object */;
}
